// !$*UTF8*$!
{
	archiveVersion = 1;
	classes = {
	};
	objectVersion = 55;
	objects = {

/* Begin PBXBuildFile section */
		19F6CC6027DFB8AF00D7FD86 /* AppDelegate.swift in Sources */ = {isa = PBXBuildFile; fileRef = 19F6CC5F27DFB8AF00D7FD86 /* AppDelegate.swift */; };
		19F6CC6227DFB8AF00D7FD86 /* SceneDelegate.swift in Sources */ = {isa = PBXBuildFile; fileRef = 19F6CC6127DFB8AF00D7FD86 /* SceneDelegate.swift */; };
		19F6CC6427DFB8AF00D7FD86 /* ConversationsViewController.swift in Sources */ = {isa = PBXBuildFile; fileRef = 19F6CC6327DFB8AF00D7FD86 /* ConversationsViewController.swift */; };
		19F6CC6727DFB8AF00D7FD86 /* Main.storyboard in Resources */ = {isa = PBXBuildFile; fileRef = 19F6CC6527DFB8AF00D7FD86 /* Main.storyboard */; };
		19F6CC6927DFB8B000D7FD86 /* Assets.xcassets in Resources */ = {isa = PBXBuildFile; fileRef = 19F6CC6827DFB8B000D7FD86 /* Assets.xcassets */; };
		19F6CC6C27DFB8B000D7FD86 /* LaunchScreen.storyboard in Resources */ = {isa = PBXBuildFile; fileRef = 19F6CC6A27DFB8B000D7FD86 /* LaunchScreen.storyboard */; };
		19F6CC7A27DFC02400D7FD86 /* LoginViewController.swift in Sources */ = {isa = PBXBuildFile; fileRef = 19F6CC7927DFC02400D7FD86 /* LoginViewController.swift */; };
		19F6CC7C27DFC05300D7FD86 /* RegisterViewController.swift in Sources */ = {isa = PBXBuildFile; fileRef = 19F6CC7B27DFC05300D7FD86 /* RegisterViewController.swift */; };
		19F6CC7E27DFC07800D7FD86 /* PhotoViewerViewController.swift in Sources */ = {isa = PBXBuildFile; fileRef = 19F6CC7D27DFC07800D7FD86 /* PhotoViewerViewController.swift */; };
		19F6CC8027DFC09100D7FD86 /* VideoPlayerViewController.swift in Sources */ = {isa = PBXBuildFile; fileRef = 19F6CC7F27DFC09100D7FD86 /* VideoPlayerViewController.swift */; };
		19F6CC8227DFC0AF00D7FD86 /* NewConversationViewController.swift in Sources */ = {isa = PBXBuildFile; fileRef = 19F6CC8127DFC0AF00D7FD86 /* NewConversationViewController.swift */; };
		19F6CC8427DFC0DB00D7FD86 /* ProfileViewController.swift in Sources */ = {isa = PBXBuildFile; fileRef = 19F6CC8327DFC0DB00D7FD86 /* ProfileViewController.swift */; };
/* End PBXBuildFile section */

/* Begin PBXFileReference section */
		19F6CC5C27DFB8AF00D7FD86 /* PCApp.app */ = {isa = PBXFileReference; explicitFileType = wrapper.application; includeInIndex = 0; path = PCApp.app; sourceTree = BUILT_PRODUCTS_DIR; };
		19F6CC5F27DFB8AF00D7FD86 /* AppDelegate.swift */ = {isa = PBXFileReference; lastKnownFileType = sourcecode.swift; path = AppDelegate.swift; sourceTree = "<group>"; };
		19F6CC6127DFB8AF00D7FD86 /* SceneDelegate.swift */ = {isa = PBXFileReference; lastKnownFileType = sourcecode.swift; path = SceneDelegate.swift; sourceTree = "<group>"; };
		19F6CC6327DFB8AF00D7FD86 /* ConversationsViewController.swift */ = {isa = PBXFileReference; lastKnownFileType = sourcecode.swift; path = ConversationsViewController.swift; sourceTree = "<group>"; };
		19F6CC6627DFB8AF00D7FD86 /* Base */ = {isa = PBXFileReference; lastKnownFileType = file.storyboard; name = Base; path = Base.lproj/Main.storyboard; sourceTree = "<group>"; };
		19F6CC6827DFB8B000D7FD86 /* Assets.xcassets */ = {isa = PBXFileReference; lastKnownFileType = folder.assetcatalog; path = Assets.xcassets; sourceTree = "<group>"; };
		19F6CC6B27DFB8B000D7FD86 /* Base */ = {isa = PBXFileReference; lastKnownFileType = file.storyboard; name = Base; path = Base.lproj/LaunchScreen.storyboard; sourceTree = "<group>"; };
		19F6CC6D27DFB8B000D7FD86 /* Info.plist */ = {isa = PBXFileReference; lastKnownFileType = text.plist.xml; path = Info.plist; sourceTree = "<group>"; };
		19F6CC7927DFC02400D7FD86 /* LoginViewController.swift */ = {isa = PBXFileReference; lastKnownFileType = sourcecode.swift; path = LoginViewController.swift; sourceTree = "<group>"; };
		19F6CC7B27DFC05300D7FD86 /* RegisterViewController.swift */ = {isa = PBXFileReference; lastKnownFileType = sourcecode.swift; path = RegisterViewController.swift; sourceTree = "<group>"; };
		19F6CC7D27DFC07800D7FD86 /* PhotoViewerViewController.swift */ = {isa = PBXFileReference; lastKnownFileType = sourcecode.swift; path = PhotoViewerViewController.swift; sourceTree = "<group>"; };
		19F6CC7F27DFC09100D7FD86 /* VideoPlayerViewController.swift */ = {isa = PBXFileReference; lastKnownFileType = sourcecode.swift; path = VideoPlayerViewController.swift; sourceTree = "<group>"; };
		19F6CC8127DFC0AF00D7FD86 /* NewConversationViewController.swift */ = {isa = PBXFileReference; lastKnownFileType = sourcecode.swift; path = NewConversationViewController.swift; sourceTree = "<group>"; };
		19F6CC8327DFC0DB00D7FD86 /* ProfileViewController.swift */ = {isa = PBXFileReference; lastKnownFileType = sourcecode.swift; path = ProfileViewController.swift; sourceTree = "<group>"; };
/* End PBXFileReference section */

/* Begin PBXFrameworksBuildPhase section */
		19F6CC5927DFB8AF00D7FD86 /* Frameworks */ = {
			isa = PBXFrameworksBuildPhase;
			buildActionMask = 2147483647;
			files = (
			);
			runOnlyForDeploymentPostprocessing = 0;
		};
/* End PBXFrameworksBuildPhase section */

/* Begin PBXGroup section */
		19F6CC5327DFB8AF00D7FD86 = {
			isa = PBXGroup;
			children = (
				19F6CC5E27DFB8AF00D7FD86 /* PCApp */,
				19F6CC5D27DFB8AF00D7FD86 /* Products */,
			);
			sourceTree = "<group>";
		};
		19F6CC5D27DFB8AF00D7FD86 /* Products */ = {
			isa = PBXGroup;
			children = (
				19F6CC5C27DFB8AF00D7FD86 /* PCApp.app */,
			);
			name = Products;
			sourceTree = "<group>";
		};
		19F6CC5E27DFB8AF00D7FD86 /* PCApp */ = {
			isa = PBXGroup;
			children = (
				19F6CC8527DFC19700D7FD86 /* Storyboards */,
				19F6CC7827DFBA1400D7FD86 /* Controllers */,
				19F6CC7727DFBA0900D7FD86 /* ViewModels */,
				19F6CC7627DFBA0300D7FD86 /* Models  */,
				19F6CC7527DFB9FD00D7FD86 /* Views */,
				19F6CC7427DFB9DF00D7FD86 /* Resources */,
				19F6CC5F27DFB8AF00D7FD86 /* AppDelegate.swift */,
				19F6CC6127DFB8AF00D7FD86 /* SceneDelegate.swift */,
				19F6CC6827DFB8B000D7FD86 /* Assets.xcassets */,
				19F6CC6D27DFB8B000D7FD86 /* Info.plist */,
			);
			path = PCApp;
			sourceTree = "<group>";
		};
		19F6CC7427DFB9DF00D7FD86 /* Resources */ = {
			isa = PBXGroup;
			children = (
			);
			path = Resources;
			sourceTree = "<group>";
		};
		19F6CC7527DFB9FD00D7FD86 /* Views */ = {
			isa = PBXGroup;
			children = (
			);
			path = Views;
			sourceTree = "<group>";
		};
		19F6CC7627DFBA0300D7FD86 /* Models  */ = {
			isa = PBXGroup;
			children = (
			);
			path = "Models ";
			sourceTree = "<group>";
		};
		19F6CC7727DFBA0900D7FD86 /* ViewModels */ = {
			isa = PBXGroup;
			children = (
			);
			path = ViewModels;
			sourceTree = "<group>";
		};
		19F6CC7827DFBA1400D7FD86 /* Controllers */ = {
			isa = PBXGroup;
			children = (
				19F6CC6327DFB8AF00D7FD86 /* ConversationsViewController.swift */,
				19F6CC7927DFC02400D7FD86 /* LoginViewController.swift */,
				19F6CC7B27DFC05300D7FD86 /* RegisterViewController.swift */,
				19F6CC7D27DFC07800D7FD86 /* PhotoViewerViewController.swift */,
				19F6CC7F27DFC09100D7FD86 /* VideoPlayerViewController.swift */,
				19F6CC8127DFC0AF00D7FD86 /* NewConversationViewController.swift */,
				19F6CC8327DFC0DB00D7FD86 /* ProfileViewController.swift */,
			);
			path = Controllers;
			sourceTree = "<group>";
		};
		19F6CC8527DFC19700D7FD86 /* Storyboards */ = {
			isa = PBXGroup;
			children = (
				19F6CC6527DFB8AF00D7FD86 /* Main.storyboard */,
				19F6CC6A27DFB8B000D7FD86 /* LaunchScreen.storyboard */,
			);
			path = Storyboards;
			sourceTree = "<group>";
		};
/* End PBXGroup section */

/* Begin PBXNativeTarget section */
		19F6CC5B27DFB8AF00D7FD86 /* PCApp */ = {
			isa = PBXNativeTarget;
			buildConfigurationList = 19F6CC7027DFB8B000D7FD86 /* Build configuration list for PBXNativeTarget "PCApp" */;
			buildPhases = (
				19F6CC5827DFB8AF00D7FD86 /* Sources */,
				19F6CC5927DFB8AF00D7FD86 /* Frameworks */,
				19F6CC5A27DFB8AF00D7FD86 /* Resources */,
			);
			buildRules = (
			);
			dependencies = (
			);
			name = PCApp;
			productName = PCApp;
			productReference = 19F6CC5C27DFB8AF00D7FD86 /* PCApp.app */;
			productType = "com.apple.product-type.application";
		};
/* End PBXNativeTarget section */

/* Begin PBXProject section */
		19F6CC5427DFB8AF00D7FD86 /* Project object */ = {
			isa = PBXProject;
			attributes = {
				BuildIndependentTargetsInParallel = 1;
				LastSwiftUpdateCheck = 1320;
				LastUpgradeCheck = 1320;
				TargetAttributes = {
					19F6CC5B27DFB8AF00D7FD86 = {
						CreatedOnToolsVersion = 13.2.1;
					};
				};
			};
			buildConfigurationList = 19F6CC5727DFB8AF00D7FD86 /* Build configuration list for PBXProject "PCApp" */;
			compatibilityVersion = "Xcode 13.0";
			developmentRegion = en;
			hasScannedForEncodings = 0;
			knownRegions = (
				en,
				Base,
			);
			mainGroup = 19F6CC5327DFB8AF00D7FD86;
			productRefGroup = 19F6CC5D27DFB8AF00D7FD86 /* Products */;
			projectDirPath = "";
			projectRoot = "";
			targets = (
				19F6CC5B27DFB8AF00D7FD86 /* PCApp */,
			);
		};
/* End PBXProject section */

/* Begin PBXResourcesBuildPhase section */
		19F6CC5A27DFB8AF00D7FD86 /* Resources */ = {
			isa = PBXResourcesBuildPhase;
			buildActionMask = 2147483647;
			files = (
				19F6CC6C27DFB8B000D7FD86 /* LaunchScreen.storyboard in Resources */,
				19F6CC6927DFB8B000D7FD86 /* Assets.xcassets in Resources */,
				19F6CC6727DFB8AF00D7FD86 /* Main.storyboard in Resources */,
			);
			runOnlyForDeploymentPostprocessing = 0;
		};
/* End PBXResourcesBuildPhase section */

/* Begin PBXSourcesBuildPhase section */
		19F6CC5827DFB8AF00D7FD86 /* Sources */ = {
			isa = PBXSourcesBuildPhase;
			buildActionMask = 2147483647;
			files = (
				19F6CC7A27DFC02400D7FD86 /* LoginViewController.swift in Sources */,
				19F6CC7C27DFC05300D7FD86 /* RegisterViewController.swift in Sources */,
				19F6CC8227DFC0AF00D7FD86 /* NewConversationViewController.swift in Sources */,
				19F6CC6427DFB8AF00D7FD86 /* ConversationsViewController.swift in Sources */,
				19F6CC8027DFC09100D7FD86 /* VideoPlayerViewController.swift in Sources */,
				19F6CC6027DFB8AF00D7FD86 /* AppDelegate.swift in Sources */,
				19F6CC8427DFC0DB00D7FD86 /* ProfileViewController.swift in Sources */,
				19F6CC6227DFB8AF00D7FD86 /* SceneDelegate.swift in Sources */,
				19F6CC7E27DFC07800D7FD86 /* PhotoViewerViewController.swift in Sources */,
			);
			runOnlyForDeploymentPostprocessing = 0;
		};
/* End PBXSourcesBuildPhase section */

/* Begin PBXVariantGroup section */
		19F6CC6527DFB8AF00D7FD86 /* Main.storyboard */ = {
			isa = PBXVariantGroup;
			children = (
				19F6CC6627DFB8AF00D7FD86 /* Base */,
			);
			name = Main.storyboard;
			sourceTree = "<group>";
		};
		19F6CC6A27DFB8B000D7FD86 /* LaunchScreen.storyboard */ = {
			isa = PBXVariantGroup;
			children = (
				19F6CC6B27DFB8B000D7FD86 /* Base */,
			);
			name = LaunchScreen.storyboard;
			sourceTree = "<group>";
		};
/* End PBXVariantGroup section */

/* Begin XCBuildConfiguration section */
		19F6CC6E27DFB8B000D7FD86 /* Debug */ = {
			isa = XCBuildConfiguration;
			buildSettings = {
				ALWAYS_SEARCH_USER_PATHS = NO;
				CLANG_ANALYZER_NONNULL = YES;
				CLANG_ANALYZER_NUMBER_OBJECT_CONVERSION = YES_AGGRESSIVE;
				CLANG_CXX_LANGUAGE_STANDARD = "gnu++17";
				CLANG_CXX_LIBRARY = "libc++";
				CLANG_ENABLE_MODULES = YES;
				CLANG_ENABLE_OBJC_ARC = YES;
				CLANG_ENABLE_OBJC_WEAK = YES;
				CLANG_WARN_BLOCK_CAPTURE_AUTORELEASING = YES;
				CLANG_WARN_BOOL_CONVERSION = YES;
				CLANG_WARN_COMMA = YES;
				CLANG_WARN_CONSTANT_CONVERSION = YES;
				CLANG_WARN_DEPRECATED_OBJC_IMPLEMENTATIONS = YES;
				CLANG_WARN_DIRECT_OBJC_ISA_USAGE = YES_ERROR;
				CLANG_WARN_DOCUMENTATION_COMMENTS = YES;
				CLANG_WARN_EMPTY_BODY = YES;
				CLANG_WARN_ENUM_CONVERSION = YES;
				CLANG_WARN_INFINITE_RECURSION = YES;
				CLANG_WARN_INT_CONVERSION = YES;
				CLANG_WARN_NON_LITERAL_NULL_CONVERSION = YES;
				CLANG_WARN_OBJC_IMPLICIT_RETAIN_SELF = YES;
				CLANG_WARN_OBJC_LITERAL_CONVERSION = YES;
				CLANG_WARN_OBJC_ROOT_CLASS = YES_ERROR;
				CLANG_WARN_QUOTED_INCLUDE_IN_FRAMEWORK_HEADER = YES;
				CLANG_WARN_RANGE_LOOP_ANALYSIS = YES;
				CLANG_WARN_STRICT_PROTOTYPES = YES;
				CLANG_WARN_SUSPICIOUS_MOVE = YES;
				CLANG_WARN_UNGUARDED_AVAILABILITY = YES_AGGRESSIVE;
				CLANG_WARN_UNREACHABLE_CODE = YES;
				CLANG_WARN__DUPLICATE_METHOD_MATCH = YES;
				COPY_PHASE_STRIP = NO;
				DEBUG_INFORMATION_FORMAT = dwarf;
				ENABLE_STRICT_OBJC_MSGSEND = YES;
				ENABLE_TESTABILITY = YES;
				GCC_C_LANGUAGE_STANDARD = gnu11;
				GCC_DYNAMIC_NO_PIC = NO;
				GCC_NO_COMMON_BLOCKS = YES;
				GCC_OPTIMIZATION_LEVEL = 0;
				GCC_PREPROCESSOR_DEFINITIONS = (
					"DEBUG=1",
					"$(inherited)",
				);
				GCC_WARN_64_TO_32_BIT_CONVERSION = YES;
				GCC_WARN_ABOUT_RETURN_TYPE = YES_ERROR;
				GCC_WARN_UNDECLARED_SELECTOR = YES;
				GCC_WARN_UNINITIALIZED_AUTOS = YES_AGGRESSIVE;
				GCC_WARN_UNUSED_FUNCTION = YES;
				GCC_WARN_UNUSED_VARIABLE = YES;
				IPHONEOS_DEPLOYMENT_TARGET = 15.2;
				MTL_ENABLE_DEBUG_INFO = INCLUDE_SOURCE;
				MTL_FAST_MATH = YES;
				ONLY_ACTIVE_ARCH = YES;
				SDKROOT = iphoneos;
				SWIFT_ACTIVE_COMPILATION_CONDITIONS = DEBUG;
				SWIFT_OPTIMIZATION_LEVEL = "-Onone";
			};
			name = Debug;
		};
		19F6CC6F27DFB8B000D7FD86 /* Release */ = {
			isa = XCBuildConfiguration;
			buildSettings = {
				ALWAYS_SEARCH_USER_PATHS = NO;
				CLANG_ANALYZER_NONNULL = YES;
				CLANG_ANALYZER_NUMBER_OBJECT_CONVERSION = YES_AGGRESSIVE;
				CLANG_CXX_LANGUAGE_STANDARD = "gnu++17";
				CLANG_CXX_LIBRARY = "libc++";
				CLANG_ENABLE_MODULES = YES;
				CLANG_ENABLE_OBJC_ARC = YES;
				CLANG_ENABLE_OBJC_WEAK = YES;
				CLANG_WARN_BLOCK_CAPTURE_AUTORELEASING = YES;
				CLANG_WARN_BOOL_CONVERSION = YES;
				CLANG_WARN_COMMA = YES;
				CLANG_WARN_CONSTANT_CONVERSION = YES;
				CLANG_WARN_DEPRECATED_OBJC_IMPLEMENTATIONS = YES;
				CLANG_WARN_DIRECT_OBJC_ISA_USAGE = YES_ERROR;
				CLANG_WARN_DOCUMENTATION_COMMENTS = YES;
				CLANG_WARN_EMPTY_BODY = YES;
				CLANG_WARN_ENUM_CONVERSION = YES;
				CLANG_WARN_INFINITE_RECURSION = YES;
				CLANG_WARN_INT_CONVERSION = YES;
				CLANG_WARN_NON_LITERAL_NULL_CONVERSION = YES;
				CLANG_WARN_OBJC_IMPLICIT_RETAIN_SELF = YES;
				CLANG_WARN_OBJC_LITERAL_CONVERSION = YES;
				CLANG_WARN_OBJC_ROOT_CLASS = YES_ERROR;
				CLANG_WARN_QUOTED_INCLUDE_IN_FRAMEWORK_HEADER = YES;
				CLANG_WARN_RANGE_LOOP_ANALYSIS = YES;
				CLANG_WARN_STRICT_PROTOTYPES = YES;
				CLANG_WARN_SUSPICIOUS_MOVE = YES;
				CLANG_WARN_UNGUARDED_AVAILABILITY = YES_AGGRESSIVE;
				CLANG_WARN_UNREACHABLE_CODE = YES;
				CLANG_WARN__DUPLICATE_METHOD_MATCH = YES;
				COPY_PHASE_STRIP = NO;
				DEBUG_INFORMATION_FORMAT = "dwarf-with-dsym";
				ENABLE_NS_ASSERTIONS = NO;
				ENABLE_STRICT_OBJC_MSGSEND = YES;
				GCC_C_LANGUAGE_STANDARD = gnu11;
				GCC_NO_COMMON_BLOCKS = YES;
				GCC_WARN_64_TO_32_BIT_CONVERSION = YES;
				GCC_WARN_ABOUT_RETURN_TYPE = YES_ERROR;
				GCC_WARN_UNDECLARED_SELECTOR = YES;
				GCC_WARN_UNINITIALIZED_AUTOS = YES_AGGRESSIVE;
				GCC_WARN_UNUSED_FUNCTION = YES;
				GCC_WARN_UNUSED_VARIABLE = YES;
				IPHONEOS_DEPLOYMENT_TARGET = 15.2;
				MTL_ENABLE_DEBUG_INFO = NO;
				MTL_FAST_MATH = YES;
				SDKROOT = iphoneos;
				SWIFT_COMPILATION_MODE = wholemodule;
				SWIFT_OPTIMIZATION_LEVEL = "-O";
				VALIDATE_PRODUCT = YES;
			};
			name = Release;
		};
		19F6CC7127DFB8B000D7FD86 /* Debug */ = {
			isa = XCBuildConfiguration;
			buildSettings = {
				ASSETCATALOG_COMPILER_APPICON_NAME = AppIcon;
				ASSETCATALOG_COMPILER_GLOBAL_ACCENT_COLOR_NAME = AccentColor;
				CODE_SIGN_STYLE = Automatic;
				CURRENT_PROJECT_VERSION = 1;
				GENERATE_INFOPLIST_FILE = YES;
				INFOPLIST_FILE = PCApp/Info.plist;
				INFOPLIST_KEY_UIApplicationSupportsIndirectInputEvents = YES;
				INFOPLIST_KEY_UILaunchStoryboardName = LaunchScreen;
				INFOPLIST_KEY_UIMainStoryboardFile = Main;
				INFOPLIST_KEY_UISupportedInterfaceOrientations_iPad = "UIInterfaceOrientationPortrait UIInterfaceOrientationPortraitUpsideDown UIInterfaceOrientationLandscapeLeft UIInterfaceOrientationLandscapeRight";
				INFOPLIST_KEY_UISupportedInterfaceOrientations_iPhone = "UIInterfaceOrientationPortrait UIInterfaceOrientationLandscapeLeft UIInterfaceOrientationLandscapeRight";
				IPHONEOS_DEPLOYMENT_TARGET = 13.0;
				LD_RUNPATH_SEARCH_PATHS = (
					"$(inherited)",
					"@executable_path/Frameworks",
				);
				MARKETING_VERSION = 1.0;
				PRODUCT_BUNDLE_IDENTIFIER = hajara.PCApp;
				PRODUCT_NAME = "$(TARGET_NAME)";
				SWIFT_EMIT_LOC_STRINGS = YES;
				SWIFT_VERSION = 5.0;
				TARGETED_DEVICE_FAMILY = "1,2";
			};
			name = Debug;
		};
		19F6CC7227DFB8B000D7FD86 /* Release */ = {
			isa = XCBuildConfiguration;
			buildSettings = {
				ASSETCATALOG_COMPILER_APPICON_NAME = AppIcon;
				ASSETCATALOG_COMPILER_GLOBAL_ACCENT_COLOR_NAME = AccentColor;
				CODE_SIGN_STYLE = Automatic;
				CURRENT_PROJECT_VERSION = 1;
				GENERATE_INFOPLIST_FILE = YES;
				INFOPLIST_FILE = PCApp/Info.plist;
				INFOPLIST_KEY_UIApplicationSupportsIndirectInputEvents = YES;
				INFOPLIST_KEY_UILaunchStoryboardName = LaunchScreen;
				INFOPLIST_KEY_UIMainStoryboardFile = Main;
				INFOPLIST_KEY_UISupportedInterfaceOrientations_iPad = "UIInterfaceOrientationPortrait UIInterfaceOrientationPortraitUpsideDown UIInterfaceOrientationLandscapeLeft UIInterfaceOrientationLandscapeRight";
				INFOPLIST_KEY_UISupportedInterfaceOrientations_iPhone = "UIInterfaceOrientationPortrait UIInterfaceOrientationLandscapeLeft UIInterfaceOrientationLandscapeRight";
				IPHONEOS_DEPLOYMENT_TARGET = 13.0;
				LD_RUNPATH_SEARCH_PATHS = (
					"$(inherited)",
					"@executable_path/Frameworks",
				);
				MARKETING_VERSION = 1.0;
				PRODUCT_BUNDLE_IDENTIFIER = hajara.PCApp;
				PRODUCT_NAME = "$(TARGET_NAME)";
				SWIFT_EMIT_LOC_STRINGS = YES;
				SWIFT_VERSION = 5.0;
				TARGETED_DEVICE_FAMILY = "1,2";
			};
			name = Release;
		};
/* End XCBuildConfiguration section */

/* Begin XCConfigurationList section */
		19F6CC5727DFB8AF00D7FD86 /* Build configuration list for PBXProject "PCApp" */ = {
			isa = XCConfigurationList;
			buildConfigurations = (
				19F6CC6E27DFB8B000D7FD86 /* Debug */,
				19F6CC6F27DFB8B000D7FD86 /* Release */,
			);
			defaultConfigurationIsVisible = 0;
			defaultConfigurationName = Release;
		};
		19F6CC7027DFB8B000D7FD86 /* Build configuration list for PBXNativeTarget "PCApp" */ = {
			isa = XCConfigurationList;
			buildConfigurations = (
				19F6CC7127DFB8B000D7FD86 /* Debug */,
				19F6CC7227DFB8B000D7FD86 /* Release */,
			);
			defaultConfigurationIsVisible = 0;
			defaultConfigurationName = Release;
		};
/* End XCConfigurationList section */
	};
	rootObject = 19F6CC5427DFB8AF00D7FD86 /* Project object */;
}
